
Microsoft Visual Studio Solution File, Format Version 12.00
Project("{FAE04EC0-301F-11D3-BF4B-00C04F79EFBC}") = "AFRA.Members", "AFRA.Members.csproj", "{9C51539C-ADB7-4B5E-855D-EAB40F1F7B22}"
EndProject
Global
	GlobalSection(SolutionConfigurationPlatforms) = preSolution
		Debug|Any CPU = Debug|Any CPU
		Release|Any CPU = Release|Any CPU
	EndGlobalSection
	GlobalSection(ProjectConfigurationPlatforms) = postSolution
		{9C51539C-ADB7-4B5E-855D-EAB40F1F7B22}.Debug|Any CPU.ActiveCfg = Debug|Any CPU
		{9C51539C-ADB7-4B5E-855D-EAB40F1F7B22}.Debug|Any CPU.Build.0 = Debug|Any CPU
		{9C51539C-ADB7-4B5E-855D-EAB40F1F7B22}.Release|Any CPU.ActiveCfg = Release|Any CPU
		{9C51539C-ADB7-4B5E-855D-EAB40F1F7B22}.Release|Any CPU.Build.0 = Release|Any CPU
	EndGlobalSection
EndGlobal
